
Microsoft Visual Studio Solution File, Format Version 12.00
# Visual Studio 2012
Project("{FAE04EC0-301F-11D3-BF4B-00C04F79EFBC}") = "FogBugzPd.Web", "FogBugzPd.Web\FogBugzPd.Web.csproj", "{7479077B-D96B-410A-8C94-8253578D8045}"
EndProject
Project("{FAE04EC0-301F-11D3-BF4B-00C04F79EFBC}") = "FogLampz", "FogLampz\FogLampz.csproj", "{B02DD64B-E35F-47ED-AB64-89C640CEF087}"
EndProject
Project("{FAE04EC0-301F-11D3-BF4B-00C04F79EFBC}") = "TestRail.MiniAPI", "TestRail.MiniAPI\TestRail.MiniAPI.csproj", "{20CA8888-6AF5-4A0C-A565-C44B9E688749}"
EndProject
Project("{FAE04EC0-301F-11D3-BF4B-00C04F79EFBC}") = "FogBugzPd.Core", "FogBugzPd.Core\FogBugzPd.Core.csproj", "{05596BF9-676D-49AF-94CD-FEAEECBAF6FA}"
EndProject
Project("{FAE04EC0-301F-11D3-BF4B-00C04F79EFBC}") = "FogBugzPd.Application", "FogbugzPd.Application\FogBugzPd.Application.csproj", "{80A27389-C10E-4C5E-9218-FB6DE0DD4500}"
EndProject
Project("{FAE04EC0-301F-11D3-BF4B-00C04F79EFBC}") = "FogBugzPd.Infrastructure", "FogbugzPd.Infrastructure\FogBugzPd.Infrastructure.csproj", "{D079465C-50D2-4498-96DB-9F1855261CCA}"
EndProject
Project("{FAE04EC0-301F-11D3-BF4B-00C04F79EFBC}") = "FogBugzPd.Agent", "FogBugzPd.Agent\FogBugzPd.Agent.csproj", "{A48C75C0-0DBC-4D50-8C81-AEFD7A682561}"
EndProject
Global
	GlobalSection(TestCaseManagementSettings) = postSolution
		CategoryFile = FogBugzPd.vsmdi
	EndGlobalSection
	GlobalSection(SolutionConfigurationPlatforms) = preSolution
		Debug|Any CPU = Debug|Any CPU
		Debug|Mixed Platforms = Debug|Mixed Platforms
		Debug|x86 = Debug|x86
		Dev|Any CPU = Dev|Any CPU
		Dev|Mixed Platforms = Dev|Mixed Platforms
		Dev|x86 = Dev|x86
		Entech|Any CPU = Entech|Any CPU
		Entech|Mixed Platforms = Entech|Mixed Platforms
		Entech|x86 = Entech|x86
		Prod|Any CPU = Prod|Any CPU
		Prod|Mixed Platforms = Prod|Mixed Platforms
		Prod|x86 = Prod|x86
		Release|Any CPU = Release|Any CPU
		Release|Mixed Platforms = Release|Mixed Platforms
		Release|x86 = Release|x86
		SingleTenant|Any CPU = SingleTenant|Any CPU
		SingleTenant|Mixed Platforms = SingleTenant|Mixed Platforms
		SingleTenant|x86 = SingleTenant|x86
		Stable|Any CPU = Stable|Any CPU
		Stable|Mixed Platforms = Stable|Mixed Platforms
		Stable|x86 = Stable|x86
	EndGlobalSection
	GlobalSection(ProjectConfigurationPlatforms) = postSolution
		{7479077B-D96B-410A-8C94-8253578D8045}.Debug|Any CPU.ActiveCfg = Debug|Any CPU
		{7479077B-D96B-410A-8C94-8253578D8045}.Debug|Any CPU.Build.0 = Debug|Any CPU
		{7479077B-D96B-410A-8C94-8253578D8045}.Debug|Mixed Platforms.ActiveCfg = Debug|Any CPU
		{7479077B-D96B-410A-8C94-8253578D8045}.Debug|Mixed Platforms.Build.0 = Debug|Any CPU
		{7479077B-D96B-410A-8C94-8253578D8045}.Debug|x86.ActiveCfg = Debug|Any CPU
		{7479077B-D96B-410A-8C94-8253578D8045}.Dev|Any CPU.ActiveCfg = Dev|Any CPU
		{7479077B-D96B-410A-8C94-8253578D8045}.Dev|Any CPU.Build.0 = Dev|Any CPU
		{7479077B-D96B-410A-8C94-8253578D8045}.Dev|Mixed Platforms.ActiveCfg = Dev|Any CPU
		{7479077B-D96B-410A-8C94-8253578D8045}.Dev|Mixed Platforms.Build.0 = Dev|Any CPU
		{7479077B-D96B-410A-8C94-8253578D8045}.Dev|x86.ActiveCfg = Dev|Any CPU
		{7479077B-D96B-410A-8C94-8253578D8045}.Entech|Any CPU.ActiveCfg = Entech|Any CPU
		{7479077B-D96B-410A-8C94-8253578D8045}.Entech|Any CPU.Build.0 = Entech|Any CPU
		{7479077B-D96B-410A-8C94-8253578D8045}.Entech|Mixed Platforms.ActiveCfg = Entech|Any CPU
		{7479077B-D96B-410A-8C94-8253578D8045}.Entech|Mixed Platforms.Build.0 = Entech|Any CPU
		{7479077B-D96B-410A-8C94-8253578D8045}.Entech|x86.ActiveCfg = Entech|Any CPU
		{7479077B-D96B-410A-8C94-8253578D8045}.Prod|Any CPU.ActiveCfg = Prod|Any CPU
		{7479077B-D96B-410A-8C94-8253578D8045}.Prod|Any CPU.Build.0 = Prod|Any CPU
		{7479077B-D96B-410A-8C94-8253578D8045}.Prod|Mixed Platforms.ActiveCfg = Prod|Any CPU
		{7479077B-D96B-410A-8C94-8253578D8045}.Prod|Mixed Platforms.Build.0 = Prod|Any CPU
		{7479077B-D96B-410A-8C94-8253578D8045}.Prod|x86.ActiveCfg = Prod|Any CPU
		{7479077B-D96B-410A-8C94-8253578D8045}.Release|Any CPU.ActiveCfg = Release|Any CPU
		{7479077B-D96B-410A-8C94-8253578D8045}.Release|Any CPU.Build.0 = Release|Any CPU
		{7479077B-D96B-410A-8C94-8253578D8045}.Release|Mixed Platforms.ActiveCfg = Release|Any CPU
		{7479077B-D96B-410A-8C94-8253578D8045}.Release|Mixed Platforms.Build.0 = Release|Any CPU
		{7479077B-D96B-410A-8C94-8253578D8045}.Release|x86.ActiveCfg = Release|Any CPU
		{7479077B-D96B-410A-8C94-8253578D8045}.SingleTenant|Any CPU.ActiveCfg = SingleTenant|Any CPU
		{7479077B-D96B-410A-8C94-8253578D8045}.SingleTenant|Any CPU.Build.0 = SingleTenant|Any CPU
		{7479077B-D96B-410A-8C94-8253578D8045}.SingleTenant|Mixed Platforms.ActiveCfg = SingleTenant|Any CPU
		{7479077B-D96B-410A-8C94-8253578D8045}.SingleTenant|Mixed Platforms.Build.0 = SingleTenant|Any CPU
		{7479077B-D96B-410A-8C94-8253578D8045}.SingleTenant|x86.ActiveCfg = SingleTenant|Any CPU
		{7479077B-D96B-410A-8C94-8253578D8045}.Stable|Any CPU.ActiveCfg = Stable|Any CPU
		{7479077B-D96B-410A-8C94-8253578D8045}.Stable|Any CPU.Build.0 = Stable|Any CPU
		{7479077B-D96B-410A-8C94-8253578D8045}.Stable|Mixed Platforms.ActiveCfg = Stable|Any CPU
		{7479077B-D96B-410A-8C94-8253578D8045}.Stable|Mixed Platforms.Build.0 = Stable|Any CPU
		{7479077B-D96B-410A-8C94-8253578D8045}.Stable|x86.ActiveCfg = Stable|Any CPU
		{B02DD64B-E35F-47ED-AB64-89C640CEF087}.Debug|Any CPU.ActiveCfg = Debug|Any CPU
		{B02DD64B-E35F-47ED-AB64-89C640CEF087}.Debug|Any CPU.Build.0 = Debug|Any CPU
		{B02DD64B-E35F-47ED-AB64-89C640CEF087}.Debug|Mixed Platforms.ActiveCfg = Debug|Any CPU
		{B02DD64B-E35F-47ED-AB64-89C640CEF087}.Debug|Mixed Platforms.Build.0 = Debug|Any CPU
		{B02DD64B-E35F-47ED-AB64-89C640CEF087}.Debug|x86.ActiveCfg = Debug|Any CPU
		{B02DD64B-E35F-47ED-AB64-89C640CEF087}.Dev|Any CPU.ActiveCfg = Dev|Any CPU
		{B02DD64B-E35F-47ED-AB64-89C640CEF087}.Dev|Any CPU.Build.0 = Dev|Any CPU
		{B02DD64B-E35F-47ED-AB64-89C640CEF087}.Dev|Mixed Platforms.ActiveCfg = Dev|Any CPU
		{B02DD64B-E35F-47ED-AB64-89C640CEF087}.Dev|Mixed Platforms.Build.0 = Dev|Any CPU
		{B02DD64B-E35F-47ED-AB64-89C640CEF087}.Dev|x86.ActiveCfg = Dev|Any CPU
		{B02DD64B-E35F-47ED-AB64-89C640CEF087}.Entech|Any CPU.ActiveCfg = Entech|Any CPU
		{B02DD64B-E35F-47ED-AB64-89C640CEF087}.Entech|Any CPU.Build.0 = Entech|Any CPU
		{B02DD64B-E35F-47ED-AB64-89C640CEF087}.Entech|Mixed Platforms.ActiveCfg = Entech|Any CPU
		{B02DD64B-E35F-47ED-AB64-89C640CEF087}.Entech|Mixed Platforms.Build.0 = Entech|Any CPU
		{B02DD64B-E35F-47ED-AB64-89C640CEF087}.Entech|x86.ActiveCfg = Entech|Any CPU
		{B02DD64B-E35F-47ED-AB64-89C640CEF087}.Prod|Any CPU.ActiveCfg = Prod|Any CPU
		{B02DD64B-E35F-47ED-AB64-89C640CEF087}.Prod|Any CPU.Build.0 = Prod|Any CPU
		{B02DD64B-E35F-47ED-AB64-89C640CEF087}.Prod|Mixed Platforms.ActiveCfg = Prod|Any CPU
		{B02DD64B-E35F-47ED-AB64-89C640CEF087}.Prod|Mixed Platforms.Build.0 = Prod|Any CPU
		{B02DD64B-E35F-47ED-AB64-89C640CEF087}.Prod|x86.ActiveCfg = Prod|Any CPU
		{B02DD64B-E35F-47ED-AB64-89C640CEF087}.Release|Any CPU.ActiveCfg = Release|Any CPU
		{B02DD64B-E35F-47ED-AB64-89C640CEF087}.Release|Any CPU.Build.0 = Release|Any CPU
		{B02DD64B-E35F-47ED-AB64-89C640CEF087}.Release|Mixed Platforms.ActiveCfg = Release|Any CPU
		{B02DD64B-E35F-47ED-AB64-89C640CEF087}.Release|Mixed Platforms.Build.0 = Release|Any CPU
		{B02DD64B-E35F-47ED-AB64-89C640CEF087}.Release|x86.ActiveCfg = Release|Any CPU
		{B02DD64B-E35F-47ED-AB64-89C640CEF087}.SingleTenant|Any CPU.ActiveCfg = SingleTenant|Any CPU
		{B02DD64B-E35F-47ED-AB64-89C640CEF087}.SingleTenant|Any CPU.Build.0 = SingleTenant|Any CPU
		{B02DD64B-E35F-47ED-AB64-89C640CEF087}.SingleTenant|Mixed Platforms.ActiveCfg = SingleTenant|Any CPU
		{B02DD64B-E35F-47ED-AB64-89C640CEF087}.SingleTenant|Mixed Platforms.Build.0 = SingleTenant|Any CPU
		{B02DD64B-E35F-47ED-AB64-89C640CEF087}.SingleTenant|x86.ActiveCfg = SingleTenant|Any CPU
		{B02DD64B-E35F-47ED-AB64-89C640CEF087}.Stable|Any CPU.ActiveCfg = Stable|Any CPU
		{B02DD64B-E35F-47ED-AB64-89C640CEF087}.Stable|Any CPU.Build.0 = Stable|Any CPU
		{B02DD64B-E35F-47ED-AB64-89C640CEF087}.Stable|Mixed Platforms.ActiveCfg = Stable|Any CPU
		{B02DD64B-E35F-47ED-AB64-89C640CEF087}.Stable|Mixed Platforms.Build.0 = Stable|Any CPU
		{B02DD64B-E35F-47ED-AB64-89C640CEF087}.Stable|x86.ActiveCfg = Stable|Any CPU
		{20CA8888-6AF5-4A0C-A565-C44B9E688749}.Debug|Any CPU.ActiveCfg = Debug|x86
		{20CA8888-6AF5-4A0C-A565-C44B9E688749}.Debug|Mixed Platforms.ActiveCfg = Debug|x86
		{20CA8888-6AF5-4A0C-A565-C44B9E688749}.Debug|Mixed Platforms.Build.0 = Debug|x86
		{20CA8888-6AF5-4A0C-A565-C44B9E688749}.Debug|x86.ActiveCfg = Debug|x86
		{20CA8888-6AF5-4A0C-A565-C44B9E688749}.Debug|x86.Build.0 = Debug|x86
		{20CA8888-6AF5-4A0C-A565-C44B9E688749}.Dev|Any CPU.ActiveCfg = Debug|x86
		{20CA8888-6AF5-4A0C-A565-C44B9E688749}.Dev|Mixed Platforms.ActiveCfg = Debug|x86
		{20CA8888-6AF5-4A0C-A565-C44B9E688749}.Dev|Mixed Platforms.Build.0 = Debug|x86
		{20CA8888-6AF5-4A0C-A565-C44B9E688749}.Dev|x86.ActiveCfg = Debug|x86
		{20CA8888-6AF5-4A0C-A565-C44B9E688749}.Dev|x86.Build.0 = Debug|x86
		{20CA8888-6AF5-4A0C-A565-C44B9E688749}.Entech|Any CPU.ActiveCfg = Entech|x86
		{20CA8888-6AF5-4A0C-A565-C44B9E688749}.Entech|Mixed Platforms.ActiveCfg = Entech|x86
		{20CA8888-6AF5-4A0C-A565-C44B9E688749}.Entech|Mixed Platforms.Build.0 = Entech|x86
		{20CA8888-6AF5-4A0C-A565-C44B9E688749}.Entech|x86.ActiveCfg = Entech|x86
		{20CA8888-6AF5-4A0C-A565-C44B9E688749}.Entech|x86.Build.0 = Entech|x86
		{20CA8888-6AF5-4A0C-A565-C44B9E688749}.Prod|Any CPU.ActiveCfg = Release|x86
		{20CA8888-6AF5-4A0C-A565-C44B9E688749}.Prod|Mixed Platforms.ActiveCfg = Release|x86
		{20CA8888-6AF5-4A0C-A565-C44B9E688749}.Prod|Mixed Platforms.Build.0 = Release|x86
		{20CA8888-6AF5-4A0C-A565-C44B9E688749}.Prod|x86.ActiveCfg = Release|x86
		{20CA8888-6AF5-4A0C-A565-C44B9E688749}.Prod|x86.Build.0 = Release|x86
		{20CA8888-6AF5-4A0C-A565-C44B9E688749}.Release|Any CPU.ActiveCfg = Release|x86
		{20CA8888-6AF5-4A0C-A565-C44B9E688749}.Release|Mixed Platforms.ActiveCfg = Release|x86
		{20CA8888-6AF5-4A0C-A565-C44B9E688749}.Release|Mixed Platforms.Build.0 = Release|x86
		{20CA8888-6AF5-4A0C-A565-C44B9E688749}.Release|x86.ActiveCfg = Release|x86
		{20CA8888-6AF5-4A0C-A565-C44B9E688749}.Release|x86.Build.0 = Release|x86
		{20CA8888-6AF5-4A0C-A565-C44B9E688749}.SingleTenant|Any CPU.ActiveCfg = SingleTenant|x86
		{20CA8888-6AF5-4A0C-A565-C44B9E688749}.SingleTenant|Mixed Platforms.ActiveCfg = SingleTenant|x86
		{20CA8888-6AF5-4A0C-A565-C44B9E688749}.SingleTenant|Mixed Platforms.Build.0 = SingleTenant|x86
		{20CA8888-6AF5-4A0C-A565-C44B9E688749}.SingleTenant|x86.ActiveCfg = SingleTenant|x86
		{20CA8888-6AF5-4A0C-A565-C44B9E688749}.SingleTenant|x86.Build.0 = SingleTenant|x86
		{20CA8888-6AF5-4A0C-A565-C44B9E688749}.Stable|Any CPU.ActiveCfg = Release|x86
		{20CA8888-6AF5-4A0C-A565-C44B9E688749}.Stable|Mixed Platforms.ActiveCfg = Release|x86
		{20CA8888-6AF5-4A0C-A565-C44B9E688749}.Stable|Mixed Platforms.Build.0 = Release|x86
		{20CA8888-6AF5-4A0C-A565-C44B9E688749}.Stable|x86.ActiveCfg = Release|x86
		{20CA8888-6AF5-4A0C-A565-C44B9E688749}.Stable|x86.Build.0 = Release|x86
		{05596BF9-676D-49AF-94CD-FEAEECBAF6FA}.Debug|Any CPU.ActiveCfg = Debug|Any CPU
		{05596BF9-676D-49AF-94CD-FEAEECBAF6FA}.Debug|Any CPU.Build.0 = Debug|Any CPU
		{05596BF9-676D-49AF-94CD-FEAEECBAF6FA}.Debug|Mixed Platforms.ActiveCfg = Debug|Any CPU
		{05596BF9-676D-49AF-94CD-FEAEECBAF6FA}.Debug|Mixed Platforms.Build.0 = Debug|Any CPU
		{05596BF9-676D-49AF-94CD-FEAEECBAF6FA}.Debug|x86.ActiveCfg = Debug|Any CPU
		{05596BF9-676D-49AF-94CD-FEAEECBAF6FA}.Dev|Any CPU.ActiveCfg = Debug|Any CPU
		{05596BF9-676D-49AF-94CD-FEAEECBAF6FA}.Dev|Any CPU.Build.0 = Debug|Any CPU
		{05596BF9-676D-49AF-94CD-FEAEECBAF6FA}.Dev|Mixed Platforms.ActiveCfg = Debug|Any CPU
		{05596BF9-676D-49AF-94CD-FEAEECBAF6FA}.Dev|Mixed Platforms.Build.0 = Debug|Any CPU
		{05596BF9-676D-49AF-94CD-FEAEECBAF6FA}.Dev|x86.ActiveCfg = Debug|Any CPU
		{05596BF9-676D-49AF-94CD-FEAEECBAF6FA}.Entech|Any CPU.ActiveCfg = Entech|Any CPU
		{05596BF9-676D-49AF-94CD-FEAEECBAF6FA}.Entech|Any CPU.Build.0 = Entech|Any CPU
		{05596BF9-676D-49AF-94CD-FEAEECBAF6FA}.Entech|Mixed Platforms.ActiveCfg = Entech|Any CPU
		{05596BF9-676D-49AF-94CD-FEAEECBAF6FA}.Entech|Mixed Platforms.Build.0 = Entech|Any CPU
		{05596BF9-676D-49AF-94CD-FEAEECBAF6FA}.Entech|x86.ActiveCfg = Entech|Any CPU
		{05596BF9-676D-49AF-94CD-FEAEECBAF6FA}.Prod|Any CPU.ActiveCfg = Release|Any CPU
		{05596BF9-676D-49AF-94CD-FEAEECBAF6FA}.Prod|Any CPU.Build.0 = Release|Any CPU
		{05596BF9-676D-49AF-94CD-FEAEECBAF6FA}.Prod|Mixed Platforms.ActiveCfg = Release|Any CPU
		{05596BF9-676D-49AF-94CD-FEAEECBAF6FA}.Prod|Mixed Platforms.Build.0 = Release|Any CPU
		{05596BF9-676D-49AF-94CD-FEAEECBAF6FA}.Prod|x86.ActiveCfg = Release|Any CPU
		{05596BF9-676D-49AF-94CD-FEAEECBAF6FA}.Release|Any CPU.ActiveCfg = Release|Any CPU
		{05596BF9-676D-49AF-94CD-FEAEECBAF6FA}.Release|Any CPU.Build.0 = Release|Any CPU
		{05596BF9-676D-49AF-94CD-FEAEECBAF6FA}.Release|Mixed Platforms.ActiveCfg = Release|Any CPU
		{05596BF9-676D-49AF-94CD-FEAEECBAF6FA}.Release|Mixed Platforms.Build.0 = Release|Any CPU
		{05596BF9-676D-49AF-94CD-FEAEECBAF6FA}.Release|x86.ActiveCfg = Release|Any CPU
		{05596BF9-676D-49AF-94CD-FEAEECBAF6FA}.SingleTenant|Any CPU.ActiveCfg = SingleTenant|Any CPU
		{05596BF9-676D-49AF-94CD-FEAEECBAF6FA}.SingleTenant|Any CPU.Build.0 = SingleTenant|Any CPU
		{05596BF9-676D-49AF-94CD-FEAEECBAF6FA}.SingleTenant|Mixed Platforms.ActiveCfg = SingleTenant|Any CPU
		{05596BF9-676D-49AF-94CD-FEAEECBAF6FA}.SingleTenant|Mixed Platforms.Build.0 = SingleTenant|Any CPU
		{05596BF9-676D-49AF-94CD-FEAEECBAF6FA}.SingleTenant|x86.ActiveCfg = SingleTenant|Any CPU
		{05596BF9-676D-49AF-94CD-FEAEECBAF6FA}.Stable|Any CPU.ActiveCfg = Release|Any CPU
		{05596BF9-676D-49AF-94CD-FEAEECBAF6FA}.Stable|Any CPU.Build.0 = Release|Any CPU
		{05596BF9-676D-49AF-94CD-FEAEECBAF6FA}.Stable|Mixed Platforms.ActiveCfg = Release|Any CPU
		{05596BF9-676D-49AF-94CD-FEAEECBAF6FA}.Stable|Mixed Platforms.Build.0 = Release|Any CPU
		{05596BF9-676D-49AF-94CD-FEAEECBAF6FA}.Stable|x86.ActiveCfg = Release|Any CPU
		{80A27389-C10E-4C5E-9218-FB6DE0DD4500}.Debug|Any CPU.ActiveCfg = Debug|Any CPU
		{80A27389-C10E-4C5E-9218-FB6DE0DD4500}.Debug|Any CPU.Build.0 = Debug|Any CPU
		{80A27389-C10E-4C5E-9218-FB6DE0DD4500}.Debug|Mixed Platforms.ActiveCfg = Debug|Any CPU
		{80A27389-C10E-4C5E-9218-FB6DE0DD4500}.Debug|Mixed Platforms.Build.0 = Debug|Any CPU
		{80A27389-C10E-4C5E-9218-FB6DE0DD4500}.Debug|x86.ActiveCfg = Debug|Any CPU
		{80A27389-C10E-4C5E-9218-FB6DE0DD4500}.Dev|Any CPU.ActiveCfg = Debug|Any CPU
		{80A27389-C10E-4C5E-9218-FB6DE0DD4500}.Dev|Any CPU.Build.0 = Debug|Any CPU
		{80A27389-C10E-4C5E-9218-FB6DE0DD4500}.Dev|Mixed Platforms.ActiveCfg = Debug|Any CPU
		{80A27389-C10E-4C5E-9218-FB6DE0DD4500}.Dev|Mixed Platforms.Build.0 = Debug|Any CPU
		{80A27389-C10E-4C5E-9218-FB6DE0DD4500}.Dev|x86.ActiveCfg = Debug|Any CPU
		{80A27389-C10E-4C5E-9218-FB6DE0DD4500}.Entech|Any CPU.ActiveCfg = Entech|Any CPU
		{80A27389-C10E-4C5E-9218-FB6DE0DD4500}.Entech|Any CPU.Build.0 = Entech|Any CPU
		{80A27389-C10E-4C5E-9218-FB6DE0DD4500}.Entech|Mixed Platforms.ActiveCfg = Entech|Any CPU
		{80A27389-C10E-4C5E-9218-FB6DE0DD4500}.Entech|Mixed Platforms.Build.0 = Entech|Any CPU
		{80A27389-C10E-4C5E-9218-FB6DE0DD4500}.Entech|x86.ActiveCfg = Entech|Any CPU
		{80A27389-C10E-4C5E-9218-FB6DE0DD4500}.Prod|Any CPU.ActiveCfg = Release|Any CPU
		{80A27389-C10E-4C5E-9218-FB6DE0DD4500}.Prod|Any CPU.Build.0 = Release|Any CPU
		{80A27389-C10E-4C5E-9218-FB6DE0DD4500}.Prod|Mixed Platforms.ActiveCfg = Release|Any CPU
		{80A27389-C10E-4C5E-9218-FB6DE0DD4500}.Prod|Mixed Platforms.Build.0 = Release|Any CPU
		{80A27389-C10E-4C5E-9218-FB6DE0DD4500}.Prod|x86.ActiveCfg = Release|Any CPU
		{80A27389-C10E-4C5E-9218-FB6DE0DD4500}.Release|Any CPU.ActiveCfg = Release|Any CPU
		{80A27389-C10E-4C5E-9218-FB6DE0DD4500}.Release|Any CPU.Build.0 = Release|Any CPU
		{80A27389-C10E-4C5E-9218-FB6DE0DD4500}.Release|Mixed Platforms.ActiveCfg = Release|Any CPU
		{80A27389-C10E-4C5E-9218-FB6DE0DD4500}.Release|Mixed Platforms.Build.0 = Release|Any CPU
		{80A27389-C10E-4C5E-9218-FB6DE0DD4500}.Release|x86.ActiveCfg = Release|Any CPU
		{80A27389-C10E-4C5E-9218-FB6DE0DD4500}.SingleTenant|Any CPU.ActiveCfg = SingleTenant|Any CPU
		{80A27389-C10E-4C5E-9218-FB6DE0DD4500}.SingleTenant|Any CPU.Build.0 = SingleTenant|Any CPU
		{80A27389-C10E-4C5E-9218-FB6DE0DD4500}.SingleTenant|Mixed Platforms.ActiveCfg = SingleTenant|Any CPU
		{80A27389-C10E-4C5E-9218-FB6DE0DD4500}.SingleTenant|Mixed Platforms.Build.0 = SingleTenant|Any CPU
		{80A27389-C10E-4C5E-9218-FB6DE0DD4500}.SingleTenant|x86.ActiveCfg = SingleTenant|Any CPU
		{80A27389-C10E-4C5E-9218-FB6DE0DD4500}.Stable|Any CPU.ActiveCfg = Release|Any CPU
		{80A27389-C10E-4C5E-9218-FB6DE0DD4500}.Stable|Any CPU.Build.0 = Release|Any CPU
		{80A27389-C10E-4C5E-9218-FB6DE0DD4500}.Stable|Mixed Platforms.ActiveCfg = Release|Any CPU
		{80A27389-C10E-4C5E-9218-FB6DE0DD4500}.Stable|Mixed Platforms.Build.0 = Release|Any CPU
		{80A27389-C10E-4C5E-9218-FB6DE0DD4500}.Stable|x86.ActiveCfg = Release|Any CPU
		{D079465C-50D2-4498-96DB-9F1855261CCA}.Debug|Any CPU.ActiveCfg = Debug|Any CPU
		{D079465C-50D2-4498-96DB-9F1855261CCA}.Debug|Any CPU.Build.0 = Debug|Any CPU
		{D079465C-50D2-4498-96DB-9F1855261CCA}.Debug|Mixed Platforms.ActiveCfg = Debug|Any CPU
		{D079465C-50D2-4498-96DB-9F1855261CCA}.Debug|Mixed Platforms.Build.0 = Debug|Any CPU
		{D079465C-50D2-4498-96DB-9F1855261CCA}.Debug|x86.ActiveCfg = Debug|Any CPU
		{D079465C-50D2-4498-96DB-9F1855261CCA}.Dev|Any CPU.ActiveCfg = Debug|Any CPU
		{D079465C-50D2-4498-96DB-9F1855261CCA}.Dev|Any CPU.Build.0 = Debug|Any CPU
		{D079465C-50D2-4498-96DB-9F1855261CCA}.Dev|Mixed Platforms.ActiveCfg = Debug|Any CPU
		{D079465C-50D2-4498-96DB-9F1855261CCA}.Dev|Mixed Platforms.Build.0 = Debug|Any CPU
		{D079465C-50D2-4498-96DB-9F1855261CCA}.Dev|x86.ActiveCfg = Debug|Any CPU
		{D079465C-50D2-4498-96DB-9F1855261CCA}.Entech|Any CPU.ActiveCfg = Entech|Any CPU
		{D079465C-50D2-4498-96DB-9F1855261CCA}.Entech|Any CPU.Build.0 = Entech|Any CPU
		{D079465C-50D2-4498-96DB-9F1855261CCA}.Entech|Mixed Platforms.ActiveCfg = Entech|Any CPU
		{D079465C-50D2-4498-96DB-9F1855261CCA}.Entech|Mixed Platforms.Build.0 = Entech|Any CPU
		{D079465C-50D2-4498-96DB-9F1855261CCA}.Entech|x86.ActiveCfg = Entech|Any CPU
		{D079465C-50D2-4498-96DB-9F1855261CCA}.Prod|Any CPU.ActiveCfg = Release|Any CPU
		{D079465C-50D2-4498-96DB-9F1855261CCA}.Prod|Any CPU.Build.0 = Release|Any CPU
		{D079465C-50D2-4498-96DB-9F1855261CCA}.Prod|Mixed Platforms.ActiveCfg = Release|Any CPU
		{D079465C-50D2-4498-96DB-9F1855261CCA}.Prod|Mixed Platforms.Build.0 = Release|Any CPU
		{D079465C-50D2-4498-96DB-9F1855261CCA}.Prod|x86.ActiveCfg = Release|Any CPU
		{D079465C-50D2-4498-96DB-9F1855261CCA}.Release|Any CPU.ActiveCfg = Release|Any CPU
		{D079465C-50D2-4498-96DB-9F1855261CCA}.Release|Any CPU.Build.0 = Release|Any CPU
		{D079465C-50D2-4498-96DB-9F1855261CCA}.Release|Mixed Platforms.ActiveCfg = Release|Any CPU
		{D079465C-50D2-4498-96DB-9F1855261CCA}.Release|Mixed Platforms.Build.0 = Release|Any CPU
		{D079465C-50D2-4498-96DB-9F1855261CCA}.Release|x86.ActiveCfg = Release|Any CPU
		{D079465C-50D2-4498-96DB-9F1855261CCA}.SingleTenant|Any CPU.ActiveCfg = SingleTenant|Any CPU
		{D079465C-50D2-4498-96DB-9F1855261CCA}.SingleTenant|Any CPU.Build.0 = SingleTenant|Any CPU
		{D079465C-50D2-4498-96DB-9F1855261CCA}.SingleTenant|Mixed Platforms.ActiveCfg = SingleTenant|Any CPU
		{D079465C-50D2-4498-96DB-9F1855261CCA}.SingleTenant|Mixed Platforms.Build.0 = SingleTenant|Any CPU
		{D079465C-50D2-4498-96DB-9F1855261CCA}.SingleTenant|x86.ActiveCfg = SingleTenant|Any CPU
		{D079465C-50D2-4498-96DB-9F1855261CCA}.Stable|Any CPU.ActiveCfg = Release|Any CPU
		{D079465C-50D2-4498-96DB-9F1855261CCA}.Stable|Any CPU.Build.0 = Release|Any CPU
		{D079465C-50D2-4498-96DB-9F1855261CCA}.Stable|Mixed Platforms.ActiveCfg = Release|Any CPU
		{D079465C-50D2-4498-96DB-9F1855261CCA}.Stable|Mixed Platforms.Build.0 = Release|Any CPU
		{D079465C-50D2-4498-96DB-9F1855261CCA}.Stable|x86.ActiveCfg = Release|Any CPU
		{A48C75C0-0DBC-4D50-8C81-AEFD7A682561}.Debug|Any CPU.ActiveCfg = Debug|Any CPU
		{A48C75C0-0DBC-4D50-8C81-AEFD7A682561}.Debug|Any CPU.Build.0 = Debug|Any CPU
		{A48C75C0-0DBC-4D50-8C81-AEFD7A682561}.Debug|Mixed Platforms.ActiveCfg = Debug|Any CPU
		{A48C75C0-0DBC-4D50-8C81-AEFD7A682561}.Debug|Mixed Platforms.Build.0 = Debug|Any CPU
		{A48C75C0-0DBC-4D50-8C81-AEFD7A682561}.Debug|x86.ActiveCfg = Debug|Any CPU
		{A48C75C0-0DBC-4D50-8C81-AEFD7A682561}.Dev|Any CPU.ActiveCfg = Debug|Any CPU
		{A48C75C0-0DBC-4D50-8C81-AEFD7A682561}.Dev|Any CPU.Build.0 = Debug|Any CPU
		{A48C75C0-0DBC-4D50-8C81-AEFD7A682561}.Dev|Mixed Platforms.ActiveCfg = Debug|Any CPU
		{A48C75C0-0DBC-4D50-8C81-AEFD7A682561}.Dev|Mixed Platforms.Build.0 = Debug|Any CPU
		{A48C75C0-0DBC-4D50-8C81-AEFD7A682561}.Dev|x86.ActiveCfg = Debug|Any CPU
		{A48C75C0-0DBC-4D50-8C81-AEFD7A682561}.Entech|Any CPU.ActiveCfg = Release|Any CPU
		{A48C75C0-0DBC-4D50-8C81-AEFD7A682561}.Entech|Any CPU.Build.0 = Release|Any CPU
		{A48C75C0-0DBC-4D50-8C81-AEFD7A682561}.Entech|Mixed Platforms.ActiveCfg = Release|Any CPU
		{A48C75C0-0DBC-4D50-8C81-AEFD7A682561}.Entech|Mixed Platforms.Build.0 = Release|Any CPU
		{A48C75C0-0DBC-4D50-8C81-AEFD7A682561}.Entech|x86.ActiveCfg = Release|Any CPU
		{A48C75C0-0DBC-4D50-8C81-AEFD7A682561}.Prod|Any CPU.ActiveCfg = Release|Any CPU
		{A48C75C0-0DBC-4D50-8C81-AEFD7A682561}.Prod|Any CPU.Build.0 = Release|Any CPU
		{A48C75C0-0DBC-4D50-8C81-AEFD7A682561}.Prod|Mixed Platforms.ActiveCfg = Release|Any CPU
		{A48C75C0-0DBC-4D50-8C81-AEFD7A682561}.Prod|Mixed Platforms.Build.0 = Release|Any CPU
		{A48C75C0-0DBC-4D50-8C81-AEFD7A682561}.Prod|x86.ActiveCfg = Release|Any CPU
		{A48C75C0-0DBC-4D50-8C81-AEFD7A682561}.Release|Any CPU.ActiveCfg = Release|Any CPU
		{A48C75C0-0DBC-4D50-8C81-AEFD7A682561}.Release|Any CPU.Build.0 = Release|Any CPU
		{A48C75C0-0DBC-4D50-8C81-AEFD7A682561}.Release|Mixed Platforms.ActiveCfg = Release|Any CPU
		{A48C75C0-0DBC-4D50-8C81-AEFD7A682561}.Release|Mixed Platforms.Build.0 = Release|Any CPU
		{A48C75C0-0DBC-4D50-8C81-AEFD7A682561}.Release|x86.ActiveCfg = Release|Any CPU
		{A48C75C0-0DBC-4D50-8C81-AEFD7A682561}.SingleTenant|Any CPU.ActiveCfg = Release|Any CPU
		{A48C75C0-0DBC-4D50-8C81-AEFD7A682561}.SingleTenant|Any CPU.Build.0 = Release|Any CPU
		{A48C75C0-0DBC-4D50-8C81-AEFD7A682561}.SingleTenant|Mixed Platforms.ActiveCfg = Release|Any CPU
		{A48C75C0-0DBC-4D50-8C81-AEFD7A682561}.SingleTenant|Mixed Platforms.Build.0 = Release|Any CPU
		{A48C75C0-0DBC-4D50-8C81-AEFD7A682561}.SingleTenant|x86.ActiveCfg = Release|Any CPU
		{A48C75C0-0DBC-4D50-8C81-AEFD7A682561}.Stable|Any CPU.ActiveCfg = Release|Any CPU
		{A48C75C0-0DBC-4D50-8C81-AEFD7A682561}.Stable|Any CPU.Build.0 = Release|Any CPU
		{A48C75C0-0DBC-4D50-8C81-AEFD7A682561}.Stable|Mixed Platforms.ActiveCfg = Release|Any CPU
		{A48C75C0-0DBC-4D50-8C81-AEFD7A682561}.Stable|Mixed Platforms.Build.0 = Release|Any CPU
		{A48C75C0-0DBC-4D50-8C81-AEFD7A682561}.Stable|x86.ActiveCfg = Release|Any CPU
	EndGlobalSection
	GlobalSection(SolutionProperties) = preSolution
		HideSolutionNode = FALSE
	EndGlobalSection
EndGlobal
